<?xml version="1.0" encoding="UTF-8"?>
<CodeBlocks_project_file>
	<FileVersion major="1" minor="6"/>
	<Project>
		<Option title="AssignCookies"/>
		<Option makefile_is_custom="1"/>
		<Option compiler="gcc"/>
		<Option virtualFolders="CMake Files\;CMake Files\googletest\;CMake Files\googletest\googlemock\;CMake Files\googletest\googlemock\cmake\;CMake Files\googletest\googletest\;CMake Files\googletest\googletest\cmake\;"/>
		<Build>
			<Target title="all">
				<Option working_dir="/Users/eduardorocha/Desktop/C++Practice/AssignCookies"/>
				<Option type="4"/>
				<MakeCommands>
					<Build command="/usr/bin/make -f &quot;/Users/eduardorocha/Desktop/C++Practice/AssignCookies/Makefile&quot;  VERBOSE=1 all"/>
					<CompileFile command="/usr/bin/make -f &quot;/Users/eduardorocha/Desktop/C++Practice/AssignCookies/Makefile&quot;  VERBOSE=1 &quot;$file&quot;"/>
					<Clean command="/usr/bin/make -f &quot;/Users/eduardorocha/Desktop/C++Practice/AssignCookies/Makefile&quot;  VERBOSE=1 clean"/>
					<DistClean command="/usr/bin/make -f &quot;/Users/eduardorocha/Desktop/C++Practice/AssignCookies/Makefile&quot;  VERBOSE=1 clean"/>
				</MakeCommands>
			</Target>
			<Target title="install/local">
				<Option working_dir="/Users/eduardorocha/Desktop/C++Practice/AssignCookies"/>
				<Option type="4"/>
				<MakeCommands>
					<Build command="/usr/bin/make -f &quot;/Users/eduardorocha/Desktop/C++Practice/AssignCookies/Makefile&quot;  VERBOSE=1 install/local"/>
					<CompileFile command="/usr/bin/make -f &quot;/Users/eduardorocha/Desktop/C++Practice/AssignCookies/Makefile&quot;  VERBOSE=1 &quot;$file&quot;"/>
					<Clean command="/usr/bin/make -f &quot;/Users/eduardorocha/Desktop/C++Practice/AssignCookies/Makefile&quot;  VERBOSE=1 clean"/>
					<DistClean command="/usr/bin/make -f &quot;/Users/eduardorocha/Desktop/C++Practice/AssignCookies/Makefile&quot;  VERBOSE=1 clean"/>
				</MakeCommands>
			</Target>
			<Target title="install/strip">
				<Option working_dir="/Users/eduardorocha/Desktop/C++Practice/AssignCookies"/>
				<Option type="4"/>
				<MakeCommands>
					<Build command="/usr/bin/make -f &quot;/Users/eduardorocha/Desktop/C++Practice/AssignCookies/Makefile&quot;  VERBOSE=1 install/strip"/>
					<CompileFile command="/usr/bin/make -f &quot;/Users/eduardorocha/Desktop/C++Practice/AssignCookies/Makefile&quot;  VERBOSE=1 &quot;$file&quot;"/>
					<Clean command="/usr/bin/make -f &quot;/Users/eduardorocha/Desktop/C++Practice/AssignCookies/Makefile&quot;  VERBOSE=1 clean"/>
					<DistClean command="/usr/bin/make -f &quot;/Users/eduardorocha/Desktop/C++Practice/AssignCookies/Makefile&quot;  VERBOSE=1 clean"/>
				</MakeCommands>
			</Target>
			<Target title="install">
				<Option working_dir="/Users/eduardorocha/Desktop/C++Practice/AssignCookies"/>
				<Option type="4"/>
				<MakeCommands>
					<Build command="/usr/bin/make -f &quot;/Users/eduardorocha/Desktop/C++Practice/AssignCookies/Makefile&quot;  VERBOSE=1 install"/>
					<CompileFile command="/usr/bin/make -f &quot;/Users/eduardorocha/Desktop/C++Practice/AssignCookies/Makefile&quot;  VERBOSE=1 &quot;$file&quot;"/>
					<Clean command="/usr/bin/make -f &quot;/Users/eduardorocha/Desktop/C++Practice/AssignCookies/Makefile&quot;  VERBOSE=1 clean"/>
					<DistClean command="/usr/bin/make -f &quot;/Users/eduardorocha/Desktop/C++Practice/AssignCookies/Makefile&quot;  VERBOSE=1 clean"/>
				</MakeCommands>
			</Target>
			<Target title="list_install_components">
				<Option working_dir="/Users/eduardorocha/Desktop/C++Practice/AssignCookies"/>
				<Option type="4"/>
				<MakeCommands>
					<Build command="/usr/bin/make -f &quot;/Users/eduardorocha/Desktop/C++Practice/AssignCookies/Makefile&quot;  VERBOSE=1 list_install_components"/>
					<CompileFile command="/usr/bin/make -f &quot;/Users/eduardorocha/Desktop/C++Practice/AssignCookies/Makefile&quot;  VERBOSE=1 &quot;$file&quot;"/>
					<Clean command="/usr/bin/make -f &quot;/Users/eduardorocha/Desktop/C++Practice/AssignCookies/Makefile&quot;  VERBOSE=1 clean"/>
					<DistClean command="/usr/bin/make -f &quot;/Users/eduardorocha/Desktop/C++Practice/AssignCookies/Makefile&quot;  VERBOSE=1 clean"/>
				</MakeCommands>
			</Target>
			<Target title="rebuild_cache">
				<Option working_dir="/Users/eduardorocha/Desktop/C++Practice/AssignCookies"/>
				<Option type="4"/>
				<MakeCommands>
					<Build command="/usr/bin/make -f &quot;/Users/eduardorocha/Desktop/C++Practice/AssignCookies/Makefile&quot;  VERBOSE=1 rebuild_cache"/>
					<CompileFile command="/usr/bin/make -f &quot;/Users/eduardorocha/Desktop/C++Practice/AssignCookies/Makefile&quot;  VERBOSE=1 &quot;$file&quot;"/>
					<Clean command="/usr/bin/make -f &quot;/Users/eduardorocha/Desktop/C++Practice/AssignCookies/Makefile&quot;  VERBOSE=1 clean"/>
					<DistClean command="/usr/bin/make -f &quot;/Users/eduardorocha/Desktop/C++Practice/AssignCookies/Makefile&quot;  VERBOSE=1 clean"/>
				</MakeCommands>
			</Target>
			<Target title="edit_cache">
				<Option working_dir="/Users/eduardorocha/Desktop/C++Practice/AssignCookies"/>
				<Option type="4"/>
				<MakeCommands>
					<Build command="/usr/bin/make -f &quot;/Users/eduardorocha/Desktop/C++Practice/AssignCookies/Makefile&quot;  VERBOSE=1 edit_cache"/>
					<CompileFile command="/usr/bin/make -f &quot;/Users/eduardorocha/Desktop/C++Practice/AssignCookies/Makefile&quot;  VERBOSE=1 &quot;$file&quot;"/>
					<Clean command="/usr/bin/make -f &quot;/Users/eduardorocha/Desktop/C++Practice/AssignCookies/Makefile&quot;  VERBOSE=1 clean"/>
					<DistClean command="/usr/bin/make -f &quot;/Users/eduardorocha/Desktop/C++Practice/AssignCookies/Makefile&quot;  VERBOSE=1 clean"/>
				</MakeCommands>
			</Target>
			<Target title="test_assigncookies">
				<Option output="/Users/eduardorocha/Desktop/C++Practice/AssignCookies/test_assigncookies" prefix_auto="0" extension_auto="0"/>
				<Option working_dir="/Users/eduardorocha/Desktop/C++Practice/AssignCookies"/>
				<Option object_output="./"/>
				<Option type="1"/>
				<Option compiler="gcc"/>
				<Compiler>
					<Add option="-Dgtest_disable_pthreads=ON"/>
					<Add directory="/Users/eduardorocha/Desktop/C++Practice/AssignCookies/googletest/googletest/include"/>
					<Add directory="/Users/eduardorocha/Desktop/C++Practice/AssignCookies/googletest/googletest"/>
				</Compiler>
				<MakeCommands>
					<Build command="/usr/bin/make -f &quot;/Users/eduardorocha/Desktop/C++Practice/AssignCookies/Makefile&quot;  VERBOSE=1 test_assigncookies"/>
					<CompileFile command="/usr/bin/make -f &quot;/Users/eduardorocha/Desktop/C++Practice/AssignCookies/Makefile&quot;  VERBOSE=1 &quot;$file&quot;"/>
					<Clean command="/usr/bin/make -f &quot;/Users/eduardorocha/Desktop/C++Practice/AssignCookies/Makefile&quot;  VERBOSE=1 clean"/>
					<DistClean command="/usr/bin/make -f &quot;/Users/eduardorocha/Desktop/C++Practice/AssignCookies/Makefile&quot;  VERBOSE=1 clean"/>
				</MakeCommands>
			</Target>
			<Target title="test_assigncookies/fast">
				<Option output="/Users/eduardorocha/Desktop/C++Practice/AssignCookies/test_assigncookies" prefix_auto="0" extension_auto="0"/>
				<Option working_dir="/Users/eduardorocha/Desktop/C++Practice/AssignCookies"/>
				<Option object_output="./"/>
				<Option type="1"/>
				<Option compiler="gcc"/>
				<Compiler>
					<Add option="-Dgtest_disable_pthreads=ON"/>
					<Add directory="/Users/eduardorocha/Desktop/C++Practice/AssignCookies/googletest/googletest/include"/>
					<Add directory="/Users/eduardorocha/Desktop/C++Practice/AssignCookies/googletest/googletest"/>
				</Compiler>
				<MakeCommands>
					<Build command="/usr/bin/make -f &quot;/Users/eduardorocha/Desktop/C++Practice/AssignCookies/Makefile&quot;  VERBOSE=1 test_assigncookies/fast"/>
					<CompileFile command="/usr/bin/make -f &quot;/Users/eduardorocha/Desktop/C++Practice/AssignCookies/Makefile&quot;  VERBOSE=1 &quot;$file&quot;"/>
					<Clean command="/usr/bin/make -f &quot;/Users/eduardorocha/Desktop/C++Practice/AssignCookies/Makefile&quot;  VERBOSE=1 clean"/>
					<DistClean command="/usr/bin/make -f &quot;/Users/eduardorocha/Desktop/C++Practice/AssignCookies/Makefile&quot;  VERBOSE=1 clean"/>
				</MakeCommands>
			</Target>
			<Target title="gmock">
				<Option output="/Users/eduardorocha/Desktop/C++Practice/AssignCookies/lib/libgmockd.a" prefix_auto="0" extension_auto="0"/>
				<Option working_dir="/Users/eduardorocha/Desktop/C++Practice/AssignCookies/googletest/googlemock"/>
				<Option object_output="./"/>
				<Option type="2"/>
				<Option compiler="gcc"/>
				<Compiler>
					<Add directory="/Users/eduardorocha/Desktop/C++Practice/AssignCookies/googletest/googlemock/include"/>
					<Add directory="/Users/eduardorocha/Desktop/C++Practice/AssignCookies/googletest/googlemock"/>
					<Add directory="/Users/eduardorocha/Desktop/C++Practice/AssignCookies/googletest/googletest/include"/>
					<Add directory="/Users/eduardorocha/Desktop/C++Practice/AssignCookies/googletest/googletest"/>
				</Compiler>
				<MakeCommands>
					<Build command="/usr/bin/make -f &quot;/Users/eduardorocha/Desktop/C++Practice/AssignCookies/googletest/googlemock/Makefile&quot;  VERBOSE=1 gmock"/>
					<CompileFile command="/usr/bin/make -f &quot;/Users/eduardorocha/Desktop/C++Practice/AssignCookies/googletest/googlemock/Makefile&quot;  VERBOSE=1 &quot;$file&quot;"/>
					<Clean command="/usr/bin/make -f &quot;/Users/eduardorocha/Desktop/C++Practice/AssignCookies/googletest/googlemock/Makefile&quot;  VERBOSE=1 clean"/>
					<DistClean command="/usr/bin/make -f &quot;/Users/eduardorocha/Desktop/C++Practice/AssignCookies/googletest/googlemock/Makefile&quot;  VERBOSE=1 clean"/>
				</MakeCommands>
			</Target>
			<Target title="gmock/fast">
				<Option output="/Users/eduardorocha/Desktop/C++Practice/AssignCookies/lib/libgmockd.a" prefix_auto="0" extension_auto="0"/>
				<Option working_dir="/Users/eduardorocha/Desktop/C++Practice/AssignCookies/googletest/googlemock"/>
				<Option object_output="./"/>
				<Option type="2"/>
				<Option compiler="gcc"/>
				<Compiler>
					<Add directory="/Users/eduardorocha/Desktop/C++Practice/AssignCookies/googletest/googlemock/include"/>
					<Add directory="/Users/eduardorocha/Desktop/C++Practice/AssignCookies/googletest/googlemock"/>
					<Add directory="/Users/eduardorocha/Desktop/C++Practice/AssignCookies/googletest/googletest/include"/>
					<Add directory="/Users/eduardorocha/Desktop/C++Practice/AssignCookies/googletest/googletest"/>
				</Compiler>
				<MakeCommands>
					<Build command="/usr/bin/make -f &quot;/Users/eduardorocha/Desktop/C++Practice/AssignCookies/googletest/googlemock/Makefile&quot;  VERBOSE=1 gmock/fast"/>
					<CompileFile command="/usr/bin/make -f &quot;/Users/eduardorocha/Desktop/C++Practice/AssignCookies/googletest/googlemock/Makefile&quot;  VERBOSE=1 &quot;$file&quot;"/>
					<Clean command="/usr/bin/make -f &quot;/Users/eduardorocha/Desktop/C++Practice/AssignCookies/googletest/googlemock/Makefile&quot;  VERBOSE=1 clean"/>
					<DistClean command="/usr/bin/make -f &quot;/Users/eduardorocha/Desktop/C++Practice/AssignCookies/googletest/googlemock/Makefile&quot;  VERBOSE=1 clean"/>
				</MakeCommands>
			</Target>
			<Target title="gmock_main">
				<Option output="/Users/eduardorocha/Desktop/C++Practice/AssignCookies/lib/libgmock_maind.a" prefix_auto="0" extension_auto="0"/>
				<Option working_dir="/Users/eduardorocha/Desktop/C++Practice/AssignCookies/googletest/googlemock"/>
				<Option object_output="./"/>
				<Option type="2"/>
				<Option compiler="gcc"/>
				<Compiler>
					<Add directory="/Users/eduardorocha/Desktop/C++Practice/AssignCookies/googletest/googlemock/include"/>
					<Add directory="/Users/eduardorocha/Desktop/C++Practice/AssignCookies/googletest/googlemock"/>
					<Add directory="/Users/eduardorocha/Desktop/C++Practice/AssignCookies/googletest/googletest/include"/>
					<Add directory="/Users/eduardorocha/Desktop/C++Practice/AssignCookies/googletest/googletest"/>
				</Compiler>
				<MakeCommands>
					<Build command="/usr/bin/make -f &quot;/Users/eduardorocha/Desktop/C++Practice/AssignCookies/googletest/googlemock/Makefile&quot;  VERBOSE=1 gmock_main"/>
					<CompileFile command="/usr/bin/make -f &quot;/Users/eduardorocha/Desktop/C++Practice/AssignCookies/googletest/googlemock/Makefile&quot;  VERBOSE=1 &quot;$file&quot;"/>
					<Clean command="/usr/bin/make -f &quot;/Users/eduardorocha/Desktop/C++Practice/AssignCookies/googletest/googlemock/Makefile&quot;  VERBOSE=1 clean"/>
					<DistClean command="/usr/bin/make -f &quot;/Users/eduardorocha/Desktop/C++Practice/AssignCookies/googletest/googlemock/Makefile&quot;  VERBOSE=1 clean"/>
				</MakeCommands>
			</Target>
			<Target title="gmock_main/fast">
				<Option output="/Users/eduardorocha/Desktop/C++Practice/AssignCookies/lib/libgmock_maind.a" prefix_auto="0" extension_auto="0"/>
				<Option working_dir="/Users/eduardorocha/Desktop/C++Practice/AssignCookies/googletest/googlemock"/>
				<Option object_output="./"/>
				<Option type="2"/>
				<Option compiler="gcc"/>
				<Compiler>
					<Add directory="/Users/eduardorocha/Desktop/C++Practice/AssignCookies/googletest/googlemock/include"/>
					<Add directory="/Users/eduardorocha/Desktop/C++Practice/AssignCookies/googletest/googlemock"/>
					<Add directory="/Users/eduardorocha/Desktop/C++Practice/AssignCookies/googletest/googletest/include"/>
					<Add directory="/Users/eduardorocha/Desktop/C++Practice/AssignCookies/googletest/googletest"/>
				</Compiler>
				<MakeCommands>
					<Build command="/usr/bin/make -f &quot;/Users/eduardorocha/Desktop/C++Practice/AssignCookies/googletest/googlemock/Makefile&quot;  VERBOSE=1 gmock_main/fast"/>
					<CompileFile command="/usr/bin/make -f &quot;/Users/eduardorocha/Desktop/C++Practice/AssignCookies/googletest/googlemock/Makefile&quot;  VERBOSE=1 &quot;$file&quot;"/>
					<Clean command="/usr/bin/make -f &quot;/Users/eduardorocha/Desktop/C++Practice/AssignCookies/googletest/googlemock/Makefile&quot;  VERBOSE=1 clean"/>
					<DistClean command="/usr/bin/make -f &quot;/Users/eduardorocha/Desktop/C++Practice/AssignCookies/googletest/googlemock/Makefile&quot;  VERBOSE=1 clean"/>
				</MakeCommands>
			</Target>
			<Target title="gtest_main">
				<Option output="/Users/eduardorocha/Desktop/C++Practice/AssignCookies/lib/libgtest_maind.a" prefix_auto="0" extension_auto="0"/>
				<Option working_dir="/Users/eduardorocha/Desktop/C++Practice/AssignCookies/googletest/googletest"/>
				<Option object_output="./"/>
				<Option type="2"/>
				<Option compiler="gcc"/>
				<Compiler>
					<Add directory="/Users/eduardorocha/Desktop/C++Practice/AssignCookies/googletest/googletest/include"/>
					<Add directory="/Users/eduardorocha/Desktop/C++Practice/AssignCookies/googletest/googletest"/>
				</Compiler>
				<MakeCommands>
					<Build command="/usr/bin/make -f &quot;/Users/eduardorocha/Desktop/C++Practice/AssignCookies/googletest/googletest/Makefile&quot;  VERBOSE=1 gtest_main"/>
					<CompileFile command="/usr/bin/make -f &quot;/Users/eduardorocha/Desktop/C++Practice/AssignCookies/googletest/googletest/Makefile&quot;  VERBOSE=1 &quot;$file&quot;"/>
					<Clean command="/usr/bin/make -f &quot;/Users/eduardorocha/Desktop/C++Practice/AssignCookies/googletest/googletest/Makefile&quot;  VERBOSE=1 clean"/>
					<DistClean command="/usr/bin/make -f &quot;/Users/eduardorocha/Desktop/C++Practice/AssignCookies/googletest/googletest/Makefile&quot;  VERBOSE=1 clean"/>
				</MakeCommands>
			</Target>
			<Target title="gtest_main/fast">
				<Option output="/Users/eduardorocha/Desktop/C++Practice/AssignCookies/lib/libgtest_maind.a" prefix_auto="0" extension_auto="0"/>
				<Option working_dir="/Users/eduardorocha/Desktop/C++Practice/AssignCookies/googletest/googletest"/>
				<Option object_output="./"/>
				<Option type="2"/>
				<Option compiler="gcc"/>
				<Compiler>
					<Add directory="/Users/eduardorocha/Desktop/C++Practice/AssignCookies/googletest/googletest/include"/>
					<Add directory="/Users/eduardorocha/Desktop/C++Practice/AssignCookies/googletest/googletest"/>
				</Compiler>
				<MakeCommands>
					<Build command="/usr/bin/make -f &quot;/Users/eduardorocha/Desktop/C++Practice/AssignCookies/googletest/googletest/Makefile&quot;  VERBOSE=1 gtest_main/fast"/>
					<CompileFile command="/usr/bin/make -f &quot;/Users/eduardorocha/Desktop/C++Practice/AssignCookies/googletest/googletest/Makefile&quot;  VERBOSE=1 &quot;$file&quot;"/>
					<Clean command="/usr/bin/make -f &quot;/Users/eduardorocha/Desktop/C++Practice/AssignCookies/googletest/googletest/Makefile&quot;  VERBOSE=1 clean"/>
					<DistClean command="/usr/bin/make -f &quot;/Users/eduardorocha/Desktop/C++Practice/AssignCookies/googletest/googletest/Makefile&quot;  VERBOSE=1 clean"/>
				</MakeCommands>
			</Target>
			<Target title="gtest">
				<Option output="/Users/eduardorocha/Desktop/C++Practice/AssignCookies/lib/libgtestd.a" prefix_auto="0" extension_auto="0"/>
				<Option working_dir="/Users/eduardorocha/Desktop/C++Practice/AssignCookies/googletest/googletest"/>
				<Option object_output="./"/>
				<Option type="2"/>
				<Option compiler="gcc"/>
				<Compiler>
					<Add directory="/Users/eduardorocha/Desktop/C++Practice/AssignCookies/googletest/googletest/include"/>
					<Add directory="/Users/eduardorocha/Desktop/C++Practice/AssignCookies/googletest/googletest"/>
				</Compiler>
				<MakeCommands>
					<Build command="/usr/bin/make -f &quot;/Users/eduardorocha/Desktop/C++Practice/AssignCookies/googletest/googletest/Makefile&quot;  VERBOSE=1 gtest"/>
					<CompileFile command="/usr/bin/make -f &quot;/Users/eduardorocha/Desktop/C++Practice/AssignCookies/googletest/googletest/Makefile&quot;  VERBOSE=1 &quot;$file&quot;"/>
					<Clean command="/usr/bin/make -f &quot;/Users/eduardorocha/Desktop/C++Practice/AssignCookies/googletest/googletest/Makefile&quot;  VERBOSE=1 clean"/>
					<DistClean command="/usr/bin/make -f &quot;/Users/eduardorocha/Desktop/C++Practice/AssignCookies/googletest/googletest/Makefile&quot;  VERBOSE=1 clean"/>
				</MakeCommands>
			</Target>
			<Target title="gtest/fast">
				<Option output="/Users/eduardorocha/Desktop/C++Practice/AssignCookies/lib/libgtestd.a" prefix_auto="0" extension_auto="0"/>
				<Option working_dir="/Users/eduardorocha/Desktop/C++Practice/AssignCookies/googletest/googletest"/>
				<Option object_output="./"/>
				<Option type="2"/>
				<Option compiler="gcc"/>
				<Compiler>
					<Add directory="/Users/eduardorocha/Desktop/C++Practice/AssignCookies/googletest/googletest/include"/>
					<Add directory="/Users/eduardorocha/Desktop/C++Practice/AssignCookies/googletest/googletest"/>
				</Compiler>
				<MakeCommands>
					<Build command="/usr/bin/make -f &quot;/Users/eduardorocha/Desktop/C++Practice/AssignCookies/googletest/googletest/Makefile&quot;  VERBOSE=1 gtest/fast"/>
					<CompileFile command="/usr/bin/make -f &quot;/Users/eduardorocha/Desktop/C++Practice/AssignCookies/googletest/googletest/Makefile&quot;  VERBOSE=1 &quot;$file&quot;"/>
					<Clean command="/usr/bin/make -f &quot;/Users/eduardorocha/Desktop/C++Practice/AssignCookies/googletest/googletest/Makefile&quot;  VERBOSE=1 clean"/>
					<DistClean command="/usr/bin/make -f &quot;/Users/eduardorocha/Desktop/C++Practice/AssignCookies/googletest/googletest/Makefile&quot;  VERBOSE=1 clean"/>
				</MakeCommands>
			</Target>
		</Build>
		<Unit filename="/Users/eduardorocha/Desktop/C++Practice/AssignCookies/assign_cookies.hpp">
			<Option target="test_assigncookies"/>
		</Unit>
		<Unit filename="/Users/eduardorocha/Desktop/C++Practice/AssignCookies/googletest/googlemock/src/gmock-all.cc">
			<Option target="gmock"/>
		</Unit>
		<Unit filename="/Users/eduardorocha/Desktop/C++Practice/AssignCookies/googletest/googlemock/src/gmock_main.cc">
			<Option target="gmock_main"/>
		</Unit>
		<Unit filename="/Users/eduardorocha/Desktop/C++Practice/AssignCookies/googletest/googletest/src/gtest-all.cc">
			<Option target="gtest"/>
		</Unit>
		<Unit filename="/Users/eduardorocha/Desktop/C++Practice/AssignCookies/googletest/googletest/src/gtest_main.cc">
			<Option target="gtest_main"/>
		</Unit>
		<Unit filename="/Users/eduardorocha/Desktop/C++Practice/AssignCookies/test.cpp">
			<Option target="test_assigncookies"/>
		</Unit>
		<Unit filename="/Users/eduardorocha/Desktop/C++Practice/AssignCookies/CMakeLists.txt">
			<Option virtualFolder="CMake Files\"/>
		</Unit>
		<Unit filename="/Users/eduardorocha/Desktop/C++Practice/AssignCookies/googletest/CMakeLists.txt">
			<Option virtualFolder="CMake Files\googletest\"/>
		</Unit>
		<Unit filename="/Users/eduardorocha/Desktop/C++Practice/AssignCookies/googletest/googlemock/CMakeLists.txt">
			<Option virtualFolder="CMake Files\googletest\googlemock\"/>
		</Unit>
		<Unit filename="/Users/eduardorocha/Desktop/C++Practice/AssignCookies/googletest/googlemock/cmake/gmock.pc.in">
			<Option virtualFolder="CMake Files\googletest\googlemock\cmake\"/>
		</Unit>
		<Unit filename="/Users/eduardorocha/Desktop/C++Practice/AssignCookies/googletest/googlemock/cmake/gmock_main.pc.in">
			<Option virtualFolder="CMake Files\googletest\googlemock\cmake\"/>
		</Unit>
		<Unit filename="/Users/eduardorocha/Desktop/C++Practice/AssignCookies/googletest/googletest/CMakeLists.txt">
			<Option virtualFolder="CMake Files\googletest\googletest\"/>
		</Unit>
		<Unit filename="/Users/eduardorocha/Desktop/C++Practice/AssignCookies/googletest/googletest/cmake/Config.cmake.in">
			<Option virtualFolder="CMake Files\googletest\googletest\cmake\"/>
		</Unit>
		<Unit filename="/Users/eduardorocha/Desktop/C++Practice/AssignCookies/googletest/googletest/cmake/gtest.pc.in">
			<Option virtualFolder="CMake Files\googletest\googletest\cmake\"/>
		</Unit>
		<Unit filename="/Users/eduardorocha/Desktop/C++Practice/AssignCookies/googletest/googletest/cmake/gtest_main.pc.in">
			<Option virtualFolder="CMake Files\googletest\googletest\cmake\"/>
		</Unit>
		<Unit filename="/Users/eduardorocha/Desktop/C++Practice/AssignCookies/googletest/googletest/cmake/internal_utils.cmake">
			<Option virtualFolder="CMake Files\googletest\googletest\cmake\"/>
		</Unit>
	</Project>
</CodeBlocks_project_file>
